
Microsoft Visual Studio Solution File, Format Version 12.00
# Visual Studio Version 17
VisualStudioVersion = 17.11.35208.52
MinimumVisualStudioVersion = 10.0.40219.1
Project("{FAE04EC0-301F-11D3-BF4B-00C04F79EFBC}") = "Ejercicio37_ProgramacionPoo", "Ejercicio37_ProgramacionPoo\Ejercicio37_ProgramacionPoo.csproj", "{CF3F2A82-0412-4FC9-B352-42618476328F}"
EndProject
Global
	GlobalSection(SolutionConfigurationPlatforms) = preSolution
		Debug|Any CPU = Debug|Any CPU
		Release|Any CPU = Release|Any CPU
	EndGlobalSection
	GlobalSection(ProjectConfigurationPlatforms) = postSolution
		{CF3F2A82-0412-4FC9-B352-42618476328F}.Debug|Any CPU.ActiveCfg = Debug|Any CPU
		{CF3F2A82-0412-4FC9-B352-42618476328F}.Debug|Any CPU.Build.0 = Debug|Any CPU
		{CF3F2A82-0412-4FC9-B352-42618476328F}.Release|Any CPU.ActiveCfg = Release|Any CPU
		{CF3F2A82-0412-4FC9-B352-42618476328F}.Release|Any CPU.Build.0 = Release|Any CPU
	EndGlobalSection
	GlobalSection(SolutionProperties) = preSolution
		HideSolutionNode = FALSE
	EndGlobalSection
	GlobalSection(ExtensibilityGlobals) = postSolution
		SolutionGuid = {CF9761DF-6699-4CCA-AFA0-7C84DEDFB041}
	EndGlobalSection
EndGlobal
