
Microsoft Visual Studio Solution File, Format Version 12.00
# Visual Studio Version 17
VisualStudioVersion = 17.11.35208.52
MinimumVisualStudioVersion = 10.0.40219.1
Project("{FAE04EC0-301F-11D3-BF4B-00C04F79EFBC}") = "Ejercicio1_coordenadas", "Ejercicio1_coordenadas\Ejercicio1_coordenadas.csproj", "{2C7B3B3C-B31B-4F0A-B625-508FA1BFD746}"
EndProject
Global
	GlobalSection(SolutionConfigurationPlatforms) = preSolution
		Debug|Any CPU = Debug|Any CPU
		Release|Any CPU = Release|Any CPU
	EndGlobalSection
	GlobalSection(ProjectConfigurationPlatforms) = postSolution
		{2C7B3B3C-B31B-4F0A-B625-508FA1BFD746}.Debug|Any CPU.ActiveCfg = Debug|Any CPU
		{2C7B3B3C-B31B-4F0A-B625-508FA1BFD746}.Debug|Any CPU.Build.0 = Debug|Any CPU
		{2C7B3B3C-B31B-4F0A-B625-508FA1BFD746}.Release|Any CPU.ActiveCfg = Release|Any CPU
		{2C7B3B3C-B31B-4F0A-B625-508FA1BFD746}.Release|Any CPU.Build.0 = Release|Any CPU
	EndGlobalSection
	GlobalSection(SolutionProperties) = preSolution
		HideSolutionNode = FALSE
	EndGlobalSection
	GlobalSection(ExtensibilityGlobals) = postSolution
		SolutionGuid = {6811C0B7-D3DA-473D-8906-BC8947FDEBC8}
	EndGlobalSection
EndGlobal
