
Microsoft Visual Studio Solution File, Format Version 12.00
# Visual Studio Version 17
VisualStudioVersion = 17.11.35208.52
MinimumVisualStudioVersion = 10.0.40219.1
Project("{FAE04EC0-301F-11D3-BF4B-00C04F79EFBC}") = "Ejercicio22_real", "Ejercicio22_real\Ejercicio22_real.csproj", "{03E4FC6E-EEF4-45B8-A4DF-14A3D94B45E6}"
EndProject
Global
	GlobalSection(SolutionConfigurationPlatforms) = preSolution
		Debug|Any CPU = Debug|Any CPU
		Release|Any CPU = Release|Any CPU
	EndGlobalSection
	GlobalSection(ProjectConfigurationPlatforms) = postSolution
		{03E4FC6E-EEF4-45B8-A4DF-14A3D94B45E6}.Debug|Any CPU.ActiveCfg = Debug|Any CPU
		{03E4FC6E-EEF4-45B8-A4DF-14A3D94B45E6}.Debug|Any CPU.Build.0 = Debug|Any CPU
		{03E4FC6E-EEF4-45B8-A4DF-14A3D94B45E6}.Release|Any CPU.ActiveCfg = Release|Any CPU
		{03E4FC6E-EEF4-45B8-A4DF-14A3D94B45E6}.Release|Any CPU.Build.0 = Release|Any CPU
	EndGlobalSection
	GlobalSection(SolutionProperties) = preSolution
		HideSolutionNode = FALSE
	EndGlobalSection
	GlobalSection(ExtensibilityGlobals) = postSolution
		SolutionGuid = {291E5A95-A778-49AA-8FB5-8C36651B8514}
	EndGlobalSection
EndGlobal
