
Microsoft Visual Studio Solution File, Format Version 12.00
# Visual Studio Version 17
VisualStudioVersion = 17.11.35208.52
MinimumVisualStudioVersion = 10.0.40219.1
Project("{FAE04EC0-301F-11D3-BF4B-00C04F79EFBC}") = "Ejercio12_fruteria", "Ejercio12_fruteria\Ejercio12_fruteria.csproj", "{D224993E-9587-4CA4-B564-B78CF17609E1}"
EndProject
Global
	GlobalSection(SolutionConfigurationPlatforms) = preSolution
		Debug|Any CPU = Debug|Any CPU
		Release|Any CPU = Release|Any CPU
	EndGlobalSection
	GlobalSection(ProjectConfigurationPlatforms) = postSolution
		{D224993E-9587-4CA4-B564-B78CF17609E1}.Debug|Any CPU.ActiveCfg = Debug|Any CPU
		{D224993E-9587-4CA4-B564-B78CF17609E1}.Debug|Any CPU.Build.0 = Debug|Any CPU
		{D224993E-9587-4CA4-B564-B78CF17609E1}.Release|Any CPU.ActiveCfg = Release|Any CPU
		{D224993E-9587-4CA4-B564-B78CF17609E1}.Release|Any CPU.Build.0 = Release|Any CPU
	EndGlobalSection
	GlobalSection(SolutionProperties) = preSolution
		HideSolutionNode = FALSE
	EndGlobalSection
	GlobalSection(ExtensibilityGlobals) = postSolution
		SolutionGuid = {996D945F-3EC3-4D0D-A657-73CB9E242E7D}
	EndGlobalSection
EndGlobal
